
Microsoft Visual Studio Solution File, Format Version 12.00
# Visual Studio Version 16
VisualStudioVersion = 16.0.32002.261
MinimumVisualStudioVersion = 10.0.40219.1
Project("{FAE04EC0-301F-11D3-BF4B-00C04F79EFBC}") = "onlinemarkeeting", "onlinemarkeeting\onlinemarkeeting.csproj", "{EC60E1D4-4118-48CD-9EA3-0BBDC263CF24}"
EndProject
Global
	GlobalSection(SolutionConfigurationPlatforms) = preSolution
		Debug|Any CPU = Debug|Any CPU
		Release|Any CPU = Release|Any CPU
	EndGlobalSection
	GlobalSection(ProjectConfigurationPlatforms) = postSolution
		{EC60E1D4-4118-48CD-9EA3-0BBDC263CF24}.Debug|Any CPU.ActiveCfg = Debug|Any CPU
		{EC60E1D4-4118-48CD-9EA3-0BBDC263CF24}.Debug|Any CPU.Build.0 = Debug|Any CPU
		{EC60E1D4-4118-48CD-9EA3-0BBDC263CF24}.Release|Any CPU.ActiveCfg = Release|Any CPU
		{EC60E1D4-4118-48CD-9EA3-0BBDC263CF24}.Release|Any CPU.Build.0 = Release|Any CPU
	EndGlobalSection
	GlobalSection(SolutionProperties) = preSolution
		HideSolutionNode = FALSE
	EndGlobalSection
	GlobalSection(ExtensibilityGlobals) = postSolution
		SolutionGuid = {045AEACC-B415-4B4C-94D8-CC2473875EC0}
	EndGlobalSection
EndGlobal
